
Microsoft Visual Studio Solution File, Format Version 12.00
# Visual Studio Version 17
VisualStudioVersion = 17.7.34031.279
MinimumVisualStudioVersion = 10.0.40219.1
Project("{FAE04EC0-301F-11D3-BF4B-00C04F79EFBC}") = "savichev17pr", "savichev17pr.csproj", "{BB44C5E8-421D-424D-9619-7F7457FA53FF}"
EndProject
Global
	GlobalSection(SolutionConfigurationPlatforms) = preSolution
		Debug|Any CPU = Debug|Any CPU
		Release|Any CPU = Release|Any CPU
	EndGlobalSection
	GlobalSection(ProjectConfigurationPlatforms) = postSolution
		{BB44C5E8-421D-424D-9619-7F7457FA53FF}.Debug|Any CPU.ActiveCfg = Debug|Any CPU
		{BB44C5E8-421D-424D-9619-7F7457FA53FF}.Debug|Any CPU.Build.0 = Debug|Any CPU
		{BB44C5E8-421D-424D-9619-7F7457FA53FF}.Release|Any CPU.ActiveCfg = Release|Any CPU
		{BB44C5E8-421D-424D-9619-7F7457FA53FF}.Release|Any CPU.Build.0 = Release|Any CPU
	EndGlobalSection
	GlobalSection(SolutionProperties) = preSolution
		HideSolutionNode = FALSE
	EndGlobalSection
	GlobalSection(ExtensibilityGlobals) = postSolution
		SolutionGuid = {6FC06C1A-BB89-4037-8F46-29D7657F9852}
	EndGlobalSection
EndGlobal
